
Microsoft Visual Studio Solution File, Format Version 12.00
# Visual Studio 15
VisualStudioVersion = 15.0.27703.2018
MinimumVisualStudioVersion = 10.0.40219.1
Project("{FAE04EC0-301F-11D3-BF4B-00C04F79EFBC}") = "UnitTestsProject.Domain", "UnitTestsProject.Domain\UnitTestsProject.Domain.csproj", "{376FC7E9-9386-4C44-A4B9-1834F1DF1DCC}"
EndProject
Project("{FAE04EC0-301F-11D3-BF4B-00C04F79EFBC}") = "UnitTestsProject.Domain.Tests", "UnitTestsProject.Domain.Tests\UnitTestsProject.Domain.Tests.csproj", "{2C4CC07F-A5AA-4EBA-8334-0C0BA0B22FC2}"
EndProject
Global
	GlobalSection(SolutionConfigurationPlatforms) = preSolution
		Debug|Any CPU = Debug|Any CPU
		Release|Any CPU = Release|Any CPU
	EndGlobalSection
	GlobalSection(ProjectConfigurationPlatforms) = postSolution
		{376FC7E9-9386-4C44-A4B9-1834F1DF1DCC}.Debug|Any CPU.ActiveCfg = Debug|Any CPU
		{376FC7E9-9386-4C44-A4B9-1834F1DF1DCC}.Debug|Any CPU.Build.0 = Debug|Any CPU
		{376FC7E9-9386-4C44-A4B9-1834F1DF1DCC}.Release|Any CPU.ActiveCfg = Release|Any CPU
		{376FC7E9-9386-4C44-A4B9-1834F1DF1DCC}.Release|Any CPU.Build.0 = Release|Any CPU
		{2C4CC07F-A5AA-4EBA-8334-0C0BA0B22FC2}.Debug|Any CPU.ActiveCfg = Debug|Any CPU
		{2C4CC07F-A5AA-4EBA-8334-0C0BA0B22FC2}.Debug|Any CPU.Build.0 = Debug|Any CPU
		{2C4CC07F-A5AA-4EBA-8334-0C0BA0B22FC2}.Release|Any CPU.ActiveCfg = Release|Any CPU
		{2C4CC07F-A5AA-4EBA-8334-0C0BA0B22FC2}.Release|Any CPU.Build.0 = Release|Any CPU
	EndGlobalSection
	GlobalSection(SolutionProperties) = preSolution
		HideSolutionNode = FALSE
	EndGlobalSection
	GlobalSection(ExtensibilityGlobals) = postSolution
		SolutionGuid = {7F0FC76E-1D2A-4B08-91F4-EEEEFBE62DF6}
	EndGlobalSection
EndGlobal
